{
  "nodes": {
    "nixpkgs": {
      "locked": {
        "lastModified": 315532800,
        "narHash": "sha256-lBeOsDwcj+7pQSymh++kul9ZV7shaHxmA9A2a912XWU=",
        "rev": "84c256e42600cb0fdf25763b48d28df2f25a0c8b",
        "type": "tarball",
        "url": "https://releases.nixos.org/nixpkgs/nixpkgs-25.11pre851662.84c256e42600/nixexprs.tar.xz?rev=84c256e42600cb0fdf25763b48d28df2f25a0c8b"
      },
      "original": {
        "type": "tarball",
        "url": "https://channels.nixos.org/nixpkgs-unstable/nixexprs.tar.xz"
      }
    },
    "root": {
      "inputs": {
        "nixpkgs": "nixpkgs"
      }
    }
  },
  "root": "root",
  "version": 7
}
