{
  "nodes": {
    "nixpkgs": {
      "locked": {
        "lastModified": 1765457389,
        "narHash": "sha256-Ujl7ZJ+kE6T+1cZV0njRFifW9kQFikYD+17RFTKkl6I=",
        "rev": "f997fa0f94fb1ce55bccb97f60d41412ae8fde4c",
        "type": "tarball",
        "url": "https://releases.nixos.org/nixpkgs/nixpkgs-26.05pre910304.f997fa0f94fb/nixexprs.tar.xz?lastModified=1765457389&rev=f997fa0f94fb1ce55bccb97f60d41412ae8fde4c"
      },
      "original": {
        "type": "tarball",
        "url": "https://channels.nixos.org/nixpkgs-unstable/nixexprs.tar.xz"
      }
    },
    "root": {
      "inputs": {
        "nixpkgs": "nixpkgs"
      }
    }
  },
  "root": "root",
  "version": 7
}
