{
  "nodes": {
    "nixpkgs": {
      "locked": {
        "lastModified": 1782948114,
        "narHash": "sha256-VGtEDss4T0hPTnlWiiaa29y/lXM9SxuSMVtzPYf3wS0=",
        "rev": "9e92285f211dad236540fd617d7e30e0b99bc0e1",
        "type": "tarball",
        "url": "https://releases.nixos.org/nixpkgs/nixpkgs-26.11pre1026211.9e92285f211d/nixexprs.tar.xz?lastModified=1782948114&rev=9e92285f211dad236540fd617d7e30e0b99bc0e1"
      },
      "original": {
        "type": "tarball",
        "url": "https://channels.nixos.org/nixpkgs-unstable/nixexprs.tar.xz"
      }
    },
    "root": {
      "inputs": {
        "nixpkgs": "nixpkgs"
      }
    }
  },
  "root": "root",
  "version": 7
}
